
Microsoft Visual Studio Solution File, Format Version 12.00
# Visual Studio Version 17
VisualStudioVersion = 17.0.31903.59
MinimumVisualStudioVersion = 10.0.40219.1
Project("{FAE04EC0-301F-11D3-BF4B-00C04F79EFBC}") = "API", "API\API.csproj", "{E183DB9C-555A-4B8D-98EF-3D892AE2C3A7}"
EndProject
Project("{FAE04EC0-301F-11D3-BF4B-00C04F79EFBC}") = "Core", "Core\Core.csproj", "{376933F6-7364-420F-B7C2-D5E7CEF5C735}"
EndProject
Project("{FAE04EC0-301F-11D3-BF4B-00C04F79EFBC}") = "Infrastructure", "Infrastructure\Infrastructure.csproj", "{85BBACA9-2B7E-41F3-9BBD-D72F91C40A50}"
EndProject
Global
	GlobalSection(SolutionConfigurationPlatforms) = preSolution
		Debug|Any CPU = Debug|Any CPU
		Debug|x64 = Debug|x64
		Debug|x86 = Debug|x86
		Release|Any CPU = Release|Any CPU
		Release|x64 = Release|x64
		Release|x86 = Release|x86
	EndGlobalSection
	GlobalSection(ProjectConfigurationPlatforms) = postSolution
		{E183DB9C-555A-4B8D-98EF-3D892AE2C3A7}.Debug|Any CPU.ActiveCfg = Debug|Any CPU
		{E183DB9C-555A-4B8D-98EF-3D892AE2C3A7}.Debug|Any CPU.Build.0 = Debug|Any CPU
		{E183DB9C-555A-4B8D-98EF-3D892AE2C3A7}.Debug|x64.ActiveCfg = Debug|Any CPU
		{E183DB9C-555A-4B8D-98EF-3D892AE2C3A7}.Debug|x64.Build.0 = Debug|Any CPU
		{E183DB9C-555A-4B8D-98EF-3D892AE2C3A7}.Debug|x86.ActiveCfg = Debug|Any CPU
		{E183DB9C-555A-4B8D-98EF-3D892AE2C3A7}.Debug|x86.Build.0 = Debug|Any CPU
		{E183DB9C-555A-4B8D-98EF-3D892AE2C3A7}.Release|Any CPU.ActiveCfg = Release|Any CPU
		{E183DB9C-555A-4B8D-98EF-3D892AE2C3A7}.Release|Any CPU.Build.0 = Release|Any CPU
		{E183DB9C-555A-4B8D-98EF-3D892AE2C3A7}.Release|x64.ActiveCfg = Release|Any CPU
		{E183DB9C-555A-4B8D-98EF-3D892AE2C3A7}.Release|x64.Build.0 = Release|Any CPU
		{E183DB9C-555A-4B8D-98EF-3D892AE2C3A7}.Release|x86.ActiveCfg = Release|Any CPU
		{E183DB9C-555A-4B8D-98EF-3D892AE2C3A7}.Release|x86.Build.0 = Release|Any CPU
		{376933F6-7364-420F-B7C2-D5E7CEF5C735}.Debug|Any CPU.ActiveCfg = Debug|Any CPU
		{376933F6-7364-420F-B7C2-D5E7CEF5C735}.Debug|Any CPU.Build.0 = Debug|Any CPU
		{376933F6-7364-420F-B7C2-D5E7CEF5C735}.Debug|x64.ActiveCfg = Debug|Any CPU
		{376933F6-7364-420F-B7C2-D5E7CEF5C735}.Debug|x64.Build.0 = Debug|Any CPU
		{376933F6-7364-420F-B7C2-D5E7CEF5C735}.Debug|x86.ActiveCfg = Debug|Any CPU
		{376933F6-7364-420F-B7C2-D5E7CEF5C735}.Debug|x86.Build.0 = Debug|Any CPU
		{376933F6-7364-420F-B7C2-D5E7CEF5C735}.Release|Any CPU.ActiveCfg = Release|Any CPU
		{376933F6-7364-420F-B7C2-D5E7CEF5C735}.Release|Any CPU.Build.0 = Release|Any CPU
		{376933F6-7364-420F-B7C2-D5E7CEF5C735}.Release|x64.ActiveCfg = Release|Any CPU
		{376933F6-7364-420F-B7C2-D5E7CEF5C735}.Release|x64.Build.0 = Release|Any CPU
		{376933F6-7364-420F-B7C2-D5E7CEF5C735}.Release|x86.ActiveCfg = Release|Any CPU
		{376933F6-7364-420F-B7C2-D5E7CEF5C735}.Release|x86.Build.0 = Release|Any CPU
		{85BBACA9-2B7E-41F3-9BBD-D72F91C40A50}.Debug|Any CPU.ActiveCfg = Debug|Any CPU
		{85BBACA9-2B7E-41F3-9BBD-D72F91C40A50}.Debug|Any CPU.Build.0 = Debug|Any CPU
		{85BBACA9-2B7E-41F3-9BBD-D72F91C40A50}.Debug|x64.ActiveCfg = Debug|Any CPU
		{85BBACA9-2B7E-41F3-9BBD-D72F91C40A50}.Debug|x64.Build.0 = Debug|Any CPU
		{85BBACA9-2B7E-41F3-9BBD-D72F91C40A50}.Debug|x86.ActiveCfg = Debug|Any CPU
		{85BBACA9-2B7E-41F3-9BBD-D72F91C40A50}.Debug|x86.Build.0 = Debug|Any CPU
		{85BBACA9-2B7E-41F3-9BBD-D72F91C40A50}.Release|Any CPU.ActiveCfg = Release|Any CPU
		{85BBACA9-2B7E-41F3-9BBD-D72F91C40A50}.Release|Any CPU.Build.0 = Release|Any CPU
		{85BBACA9-2B7E-41F3-9BBD-D72F91C40A50}.Release|x64.ActiveCfg = Release|Any CPU
		{85BBACA9-2B7E-41F3-9BBD-D72F91C40A50}.Release|x64.Build.0 = Release|Any CPU
		{85BBACA9-2B7E-41F3-9BBD-D72F91C40A50}.Release|x86.ActiveCfg = Release|Any CPU
		{85BBACA9-2B7E-41F3-9BBD-D72F91C40A50}.Release|x86.Build.0 = Release|Any CPU
	EndGlobalSection
	GlobalSection(SolutionProperties) = preSolution
		HideSolutionNode = FALSE
	EndGlobalSection
EndGlobal
